
Microsoft Visual Studio Solution File, Format Version 12.00
# Visual Studio Version 17
VisualStudioVersion = 17.2.32616.157
MinimumVisualStudioVersion = 10.0.40219.1
Project("{FAE04EC0-301F-11D3-BF4B-00C04F79EFBC}") = "Revision", "Revision\Revision.csproj", "{9EA60BAA-5F47-4B32-B72E-DF6F15568F1D}"
EndProject
Global
	GlobalSection(SolutionConfigurationPlatforms) = preSolution
		Debug|Any CPU = Debug|Any CPU
		Release|Any CPU = Release|Any CPU
	EndGlobalSection
	GlobalSection(ProjectConfigurationPlatforms) = postSolution
		{9EA60BAA-5F47-4B32-B72E-DF6F15568F1D}.Debug|Any CPU.ActiveCfg = Debug|Any CPU
		{9EA60BAA-5F47-4B32-B72E-DF6F15568F1D}.Debug|Any CPU.Build.0 = Debug|Any CPU
		{9EA60BAA-5F47-4B32-B72E-DF6F15568F1D}.Release|Any CPU.ActiveCfg = Release|Any CPU
		{9EA60BAA-5F47-4B32-B72E-DF6F15568F1D}.Release|Any CPU.Build.0 = Release|Any CPU
	EndGlobalSection
	GlobalSection(SolutionProperties) = preSolution
		HideSolutionNode = FALSE
	EndGlobalSection
	GlobalSection(ExtensibilityGlobals) = postSolution
		SolutionGuid = {8E6EEF23-EEAE-4078-911F-306CECE457E1}
	EndGlobalSection
EndGlobal
